
Microsoft Visual Studio Solution File, Format Version 11.00
# Visual Studio 2010
Project("{FAE04EC0-301F-11D3-BF4B-00C04F79EFBC}") = "Assembly-CSharp", "Assembly-CSharp.csproj", "{9F1C5E3B-64AF-3A0B-5625-6195031A55B6}"
EndProject
Project("{FAE04EC0-301F-11D3-BF4B-00C04F79EFBC}") = "Assembly-CSharp-firstpass", "Assembly-CSharp-firstpass.csproj", "{22461704-2546-6B71-669F-255809B71DC4}"
EndProject
Global
	GlobalSection(SolutionConfigurationPlatforms) = preSolution
		Debug|Any CPU = Debug|Any CPU
		Release|Any CPU = Release|Any CPU
	EndGlobalSection
	GlobalSection(ProjectConfigurationPlatforms) = postSolution
		{9F1C5E3B-64AF-3A0B-5625-6195031A55B6}.Debug|Any CPU.ActiveCfg = Debug|Any CPU
		{9F1C5E3B-64AF-3A0B-5625-6195031A55B6}.Debug|Any CPU.Build.0 = Debug|Any CPU
		{9F1C5E3B-64AF-3A0B-5625-6195031A55B6}.Release|Any CPU.ActiveCfg = Release|Any CPU
		{9F1C5E3B-64AF-3A0B-5625-6195031A55B6}.Release|Any CPU.Build.0 = Release|Any CPU
		{22461704-2546-6B71-669F-255809B71DC4}.Debug|Any CPU.ActiveCfg = Debug|Any CPU
		{22461704-2546-6B71-669F-255809B71DC4}.Debug|Any CPU.Build.0 = Debug|Any CPU
		{22461704-2546-6B71-669F-255809B71DC4}.Release|Any CPU.ActiveCfg = Release|Any CPU
		{22461704-2546-6B71-669F-255809B71DC4}.Release|Any CPU.Build.0 = Release|Any CPU
	EndGlobalSection
	GlobalSection(SolutionProperties) = preSolution
		HideSolutionNode = FALSE
	EndGlobalSection
	GlobalSection(MonoDevelopProperties) = preSolution
		StartupItem = Assembly-CSharp.csproj
	EndGlobalSection
EndGlobal
